{
  "nodes": {
    "nixpkgs": {
      "locked": {
        "lastModified": 1765413681,
        "narHash": "sha256-NiCorNkMCiABogl/WHG/LfjSlaSmmuxJh+cpPka/1AE=",
        "owner": "NixOS",
        "repo": "nixpkgs",
        "rev": "8e9dc1f3acdb10005dd8f1688bd2d51442f3dc7f",
        "type": "github"
      },
      "original": {
        "owner": "NixOS",
        "repo": "nixpkgs",
        "type": "github"
      }
    },
    "root": {
      "inputs": {
        "nixpkgs": "nixpkgs",
        "rust-overlay": "rust-overlay"
      }
    },
    "rust-overlay": {
      "inputs": {
        "nixpkgs": [
          "nixpkgs"
        ]
      },
      "locked": {
        "lastModified": 1765334520,
        "narHash": "sha256-jTof2+ir9UPmv4lWksYO6WbaXCC0nsDExrB9KZj7Dz4=",
        "owner": "oxalica",
        "repo": "rust-overlay",
        "rev": "db61f666aea93b28f644861fbddd37f235cc5983",
        "type": "github"
      },
      "original": {
        "owner": "oxalica",
        "repo": "rust-overlay",
        "type": "github"
      }
    }
  },
  "root": "root",
  "version": 7
}
